
Microsoft Visual Studio Solution File, Format Version 12.00
# Visual Studio Version 16
VisualStudioVersion = 16.0.33927.289
MinimumVisualStudioVersion = 10.0.40219.1
Project("{2150E333-8FDC-42A3-9474-1A3956D46DE8}") = "Task0", "Task0", "{3E602AE5-F6A4-4232-97EC-C46BCA7DC19D}"
EndProject
Project("{FAE04EC0-301F-11D3-BF4B-00C04F79EFBC}") = "Tyuiu.YangolenkoDS.Sprint0.Task0.V0", "Tyuiu.YangolenkoDS.Sprint0.Task0.V0\Tyuiu.YangolenkoDS.Sprint0.Task0.V0.csproj", "{21FB78D9-019A-4A66-BDB9-5BC9DA9AA758}"
EndProject
Project("{2150E333-8FDC-42A3-9474-1A3956D46DE8}") = "Task1", "Task1", "{92D4935D-2AE7-42F5-A7FE-347F7E2CE605}"
EndProject
Project("{FAE04EC0-301F-11D3-BF4B-00C04F79EFBC}") = "Tyuiu.YangolenkoDS.Sprint0.Task1.V0", "Tyuiu.YangolenkoDS.Sprint0.Task1.V0\Tyuiu.YangolenkoDS.Sprint0.Task1.V0.csproj", "{F22BAF4B-802A-47A0-82FC-B5DF9BF0333B}"
EndProject
Project("{2150E333-8FDC-42A3-9474-1A3956D46DE8}") = "Task2", "Task2", "{3C2D5E68-CF8C-4283-A703-16BDF83F1CA0}"
EndProject
Project("{FAE04EC0-301F-11D3-BF4B-00C04F79EFBC}") = "Tyuiu.YangolenkoDS.Sprint0.Task2.V0", "Tyuiu.YangolenkoDS.Task2.V0\Tyuiu.YangolenkoDS.Sprint0.Task2.V0.csproj", "{37D6644F-E6C0-46D0-9E91-E377E16567F4}"
EndProject
Project("{FAE04EC0-301F-11D3-BF4B-00C04F79EFBC}") = "Tyuiu.YangolenkoDS.Sprint0.Task2.V0.Lib", "Tyuiu.YangolenkoDS.Sprint0.Task2.V0.Lib\Tyuiu.YangolenkoDS.Sprint0.Task2.V0.Lib.csproj", "{4B4F0B28-37C1-488B-BBE1-0B008C746756}"
EndProject
Project("{FAE04EC0-301F-11D3-BF4B-00C04F79EFBC}") = "Tyuiu.YangolenkoDS.Sprint0.Task2.V0.Test", "Tyuiu.YangolenkoDS.Sprint0.Task2.V0.Test\Tyuiu.YangolenkoDS.Sprint0.Task2.V0.Test.csproj", "{D82A9249-0E4B-456B-A2FD-B1162CE229EA}"
EndProject
Project("{2150E333-8FDC-42A3-9474-1A3956D46DE8}") = "Task3", "Task3", "{D092885F-A399-4207-89D8-8AE8C27CF89B}"
EndProject
Project("{FAE04EC0-301F-11D3-BF4B-00C04F79EFBC}") = "Tyuiu.YangolenkoDS.Sprint0.Task3.V0", "Tyuiu.YangolenkoDS.Sprint0.Task3.V0\Tyuiu.YangolenkoDS.Sprint0.Task3.V0.csproj", "{F92E1F52-078F-4B34-AE70-22467BC0CA92}"
EndProject
Project("{FAE04EC0-301F-11D3-BF4B-00C04F79EFBC}") = "Tyuiu.YangolenkoDS.Sprint0.Task3.V0.Lib", "Tyuiu.YangolenkoDS.Sprint0.Task3.V0.Lib\Tyuiu.YangolenkoDS.Sprint0.Task3.V0.Lib.csproj", "{B9D7C5C1-B94D-470E-A5C4-71082BCA8679}"
EndProject
Project("{FAE04EC0-301F-11D3-BF4B-00C04F79EFBC}") = "Tyuiu.YangolenkoDS.Sprint0.Task3.V0.Test", "Tyuiu.YangolenkoDS.Sprint0.Task3.V0.Test\Tyuiu.YangolenkoDS.Sprint0.Task3.V0.Test.csproj", "{19EBAC2A-93F1-47D7-959C-49B45D0051A7}"
EndProject
Project("{2150E333-8FDC-42A3-9474-1A3956D46DE8}") = "Task4", "Task4", "{EFDC4FBD-7268-4A01-9468-88D2FA9C2491}"
EndProject
Project("{FAE04EC0-301F-11D3-BF4B-00C04F79EFBC}") = "Tyuiu.YangolenkoDS.Sprint0.Task4.V0", "Tyuiu.YangolenkoDS.Sprint0.Task4.V0\Tyuiu.YangolenkoDS.Sprint0.Task4.V0.csproj", "{0555BAF5-C3E8-4F6C-A6EF-9FA882CEBC73}"
EndProject
Project("{FAE04EC0-301F-11D3-BF4B-00C04F79EFBC}") = "Tyuiu.YangolenkoDS.Sprint0.Task4.V0.Test", "Tyuiu.YangolenkoDS.Sprint0.Task4.V0.Test\Tyuiu.YangolenkoDS.Sprint0.Task4.V0.Test.csproj", "{D42DF21E-816D-41A2-850F-0B819693C41D}"
EndProject
Project("{FAE04EC0-301F-11D3-BF4B-00C04F79EFBC}") = "Tyuiu.YangolenkoDS.Sprint0.Task4.V0.Lib", "Tyuiu.YangolenkoDS.Sprint0.Task4.V0.Lib\Tyuiu.YangolenkoDS.Sprint0.Task4.V0.Lib.csproj", "{7FC6C0B0-5C3F-4B63-A4FA-535F58D2F418}"
EndProject
Project("{2150E333-8FDC-42A3-9474-1A3956D46DE8}") = "Task5", "Task5", "{268E6D34-DF45-45CC-888D-6167E29C1587}"
EndProject
Project("{FAE04EC0-301F-11D3-BF4B-00C04F79EFBC}") = "Tyuiu.YangolenkoDS.Sprint0.Task5.V0", "Tyuiu.YangolenkoDS.Sprint0.Task5.V0\Tyuiu.YangolenkoDS.Sprint0.Task5.V0.csproj", "{D34C67F8-9761-4550-8F32-47E205BFC9A1}"
EndProject
Project("{FAE04EC0-301F-11D3-BF4B-00C04F79EFBC}") = "Tyuiu.YangolenkoDS.Sprint0.Task5.V0.Lib", "Tyuiu.YangolenkoDS.Sprint0.Task5.V0.Lib\Tyuiu.YangolenkoDS.Sprint0.Task5.V0.Lib.csproj", "{ADE7E10B-66D5-4C2E-B02C-0F5520BF96C1}"
EndProject
Project("{FAE04EC0-301F-11D3-BF4B-00C04F79EFBC}") = "Tyuiu.YangolenkoDS.Sprint0.Task5.V0.Test", "Tyuiu.YangolenkoDS.Sprint0.Task5.V0.Test\Tyuiu.YangolenkoDS.Sprint0.Task5.V0.Test.csproj", "{E3D2B888-8E6D-4FE2-85BD-3A1B7F209491}"
EndProject
Global
	GlobalSection(SolutionConfigurationPlatforms) = preSolution
		Debug|Any CPU = Debug|Any CPU
		Release|Any CPU = Release|Any CPU
	EndGlobalSection
	GlobalSection(ProjectConfigurationPlatforms) = postSolution
		{21FB78D9-019A-4A66-BDB9-5BC9DA9AA758}.Debug|Any CPU.ActiveCfg = Debug|Any CPU
		{21FB78D9-019A-4A66-BDB9-5BC9DA9AA758}.Debug|Any CPU.Build.0 = Debug|Any CPU
		{21FB78D9-019A-4A66-BDB9-5BC9DA9AA758}.Release|Any CPU.ActiveCfg = Release|Any CPU
		{21FB78D9-019A-4A66-BDB9-5BC9DA9AA758}.Release|Any CPU.Build.0 = Release|Any CPU
		{F22BAF4B-802A-47A0-82FC-B5DF9BF0333B}.Debug|Any CPU.ActiveCfg = Debug|Any CPU
		{F22BAF4B-802A-47A0-82FC-B5DF9BF0333B}.Debug|Any CPU.Build.0 = Debug|Any CPU
		{F22BAF4B-802A-47A0-82FC-B5DF9BF0333B}.Release|Any CPU.ActiveCfg = Release|Any CPU
		{F22BAF4B-802A-47A0-82FC-B5DF9BF0333B}.Release|Any CPU.Build.0 = Release|Any CPU
		{37D6644F-E6C0-46D0-9E91-E377E16567F4}.Debug|Any CPU.ActiveCfg = Debug|Any CPU
		{37D6644F-E6C0-46D0-9E91-E377E16567F4}.Debug|Any CPU.Build.0 = Debug|Any CPU
		{37D6644F-E6C0-46D0-9E91-E377E16567F4}.Release|Any CPU.ActiveCfg = Release|Any CPU
		{37D6644F-E6C0-46D0-9E91-E377E16567F4}.Release|Any CPU.Build.0 = Release|Any CPU
		{4B4F0B28-37C1-488B-BBE1-0B008C746756}.Debug|Any CPU.ActiveCfg = Debug|Any CPU
		{4B4F0B28-37C1-488B-BBE1-0B008C746756}.Debug|Any CPU.Build.0 = Debug|Any CPU
		{4B4F0B28-37C1-488B-BBE1-0B008C746756}.Release|Any CPU.ActiveCfg = Release|Any CPU
		{4B4F0B28-37C1-488B-BBE1-0B008C746756}.Release|Any CPU.Build.0 = Release|Any CPU
		{D82A9249-0E4B-456B-A2FD-B1162CE229EA}.Debug|Any CPU.ActiveCfg = Debug|Any CPU
		{D82A9249-0E4B-456B-A2FD-B1162CE229EA}.Debug|Any CPU.Build.0 = Debug|Any CPU
		{D82A9249-0E4B-456B-A2FD-B1162CE229EA}.Release|Any CPU.ActiveCfg = Release|Any CPU
		{D82A9249-0E4B-456B-A2FD-B1162CE229EA}.Release|Any CPU.Build.0 = Release|Any CPU
		{F92E1F52-078F-4B34-AE70-22467BC0CA92}.Debug|Any CPU.ActiveCfg = Debug|Any CPU
		{F92E1F52-078F-4B34-AE70-22467BC0CA92}.Debug|Any CPU.Build.0 = Debug|Any CPU
		{F92E1F52-078F-4B34-AE70-22467BC0CA92}.Release|Any CPU.ActiveCfg = Release|Any CPU
		{F92E1F52-078F-4B34-AE70-22467BC0CA92}.Release|Any CPU.Build.0 = Release|Any CPU
		{B9D7C5C1-B94D-470E-A5C4-71082BCA8679}.Debug|Any CPU.ActiveCfg = Debug|Any CPU
		{B9D7C5C1-B94D-470E-A5C4-71082BCA8679}.Debug|Any CPU.Build.0 = Debug|Any CPU
		{B9D7C5C1-B94D-470E-A5C4-71082BCA8679}.Release|Any CPU.ActiveCfg = Release|Any CPU
		{B9D7C5C1-B94D-470E-A5C4-71082BCA8679}.Release|Any CPU.Build.0 = Release|Any CPU
		{19EBAC2A-93F1-47D7-959C-49B45D0051A7}.Debug|Any CPU.ActiveCfg = Debug|Any CPU
		{19EBAC2A-93F1-47D7-959C-49B45D0051A7}.Debug|Any CPU.Build.0 = Debug|Any CPU
		{19EBAC2A-93F1-47D7-959C-49B45D0051A7}.Release|Any CPU.ActiveCfg = Release|Any CPU
		{19EBAC2A-93F1-47D7-959C-49B45D0051A7}.Release|Any CPU.Build.0 = Release|Any CPU
		{0555BAF5-C3E8-4F6C-A6EF-9FA882CEBC73}.Debug|Any CPU.ActiveCfg = Debug|Any CPU
		{0555BAF5-C3E8-4F6C-A6EF-9FA882CEBC73}.Debug|Any CPU.Build.0 = Debug|Any CPU
		{0555BAF5-C3E8-4F6C-A6EF-9FA882CEBC73}.Release|Any CPU.ActiveCfg = Release|Any CPU
		{0555BAF5-C3E8-4F6C-A6EF-9FA882CEBC73}.Release|Any CPU.Build.0 = Release|Any CPU
		{D42DF21E-816D-41A2-850F-0B819693C41D}.Debug|Any CPU.ActiveCfg = Debug|Any CPU
		{D42DF21E-816D-41A2-850F-0B819693C41D}.Debug|Any CPU.Build.0 = Debug|Any CPU
		{D42DF21E-816D-41A2-850F-0B819693C41D}.Release|Any CPU.ActiveCfg = Release|Any CPU
		{D42DF21E-816D-41A2-850F-0B819693C41D}.Release|Any CPU.Build.0 = Release|Any CPU
		{7FC6C0B0-5C3F-4B63-A4FA-535F58D2F418}.Debug|Any CPU.ActiveCfg = Debug|Any CPU
		{7FC6C0B0-5C3F-4B63-A4FA-535F58D2F418}.Debug|Any CPU.Build.0 = Debug|Any CPU
		{7FC6C0B0-5C3F-4B63-A4FA-535F58D2F418}.Release|Any CPU.ActiveCfg = Release|Any CPU
		{7FC6C0B0-5C3F-4B63-A4FA-535F58D2F418}.Release|Any CPU.Build.0 = Release|Any CPU
		{D34C67F8-9761-4550-8F32-47E205BFC9A1}.Debug|Any CPU.ActiveCfg = Debug|Any CPU
		{D34C67F8-9761-4550-8F32-47E205BFC9A1}.Debug|Any CPU.Build.0 = Debug|Any CPU
		{D34C67F8-9761-4550-8F32-47E205BFC9A1}.Release|Any CPU.ActiveCfg = Release|Any CPU
		{D34C67F8-9761-4550-8F32-47E205BFC9A1}.Release|Any CPU.Build.0 = Release|Any CPU
		{ADE7E10B-66D5-4C2E-B02C-0F5520BF96C1}.Debug|Any CPU.ActiveCfg = Debug|Any CPU
		{ADE7E10B-66D5-4C2E-B02C-0F5520BF96C1}.Debug|Any CPU.Build.0 = Debug|Any CPU
		{ADE7E10B-66D5-4C2E-B02C-0F5520BF96C1}.Release|Any CPU.ActiveCfg = Release|Any CPU
		{ADE7E10B-66D5-4C2E-B02C-0F5520BF96C1}.Release|Any CPU.Build.0 = Release|Any CPU
		{E3D2B888-8E6D-4FE2-85BD-3A1B7F209491}.Debug|Any CPU.ActiveCfg = Debug|Any CPU
		{E3D2B888-8E6D-4FE2-85BD-3A1B7F209491}.Debug|Any CPU.Build.0 = Debug|Any CPU
		{E3D2B888-8E6D-4FE2-85BD-3A1B7F209491}.Release|Any CPU.ActiveCfg = Release|Any CPU
		{E3D2B888-8E6D-4FE2-85BD-3A1B7F209491}.Release|Any CPU.Build.0 = Release|Any CPU
	EndGlobalSection
	GlobalSection(SolutionProperties) = preSolution
		HideSolutionNode = FALSE
	EndGlobalSection
	GlobalSection(NestedProjects) = preSolution
		{21FB78D9-019A-4A66-BDB9-5BC9DA9AA758} = {3E602AE5-F6A4-4232-97EC-C46BCA7DC19D}
		{F22BAF4B-802A-47A0-82FC-B5DF9BF0333B} = {92D4935D-2AE7-42F5-A7FE-347F7E2CE605}
		{37D6644F-E6C0-46D0-9E91-E377E16567F4} = {3C2D5E68-CF8C-4283-A703-16BDF83F1CA0}
		{4B4F0B28-37C1-488B-BBE1-0B008C746756} = {3C2D5E68-CF8C-4283-A703-16BDF83F1CA0}
		{D82A9249-0E4B-456B-A2FD-B1162CE229EA} = {3C2D5E68-CF8C-4283-A703-16BDF83F1CA0}
		{F92E1F52-078F-4B34-AE70-22467BC0CA92} = {D092885F-A399-4207-89D8-8AE8C27CF89B}
		{B9D7C5C1-B94D-470E-A5C4-71082BCA8679} = {D092885F-A399-4207-89D8-8AE8C27CF89B}
		{19EBAC2A-93F1-47D7-959C-49B45D0051A7} = {D092885F-A399-4207-89D8-8AE8C27CF89B}
		{0555BAF5-C3E8-4F6C-A6EF-9FA882CEBC73} = {EFDC4FBD-7268-4A01-9468-88D2FA9C2491}
		{D42DF21E-816D-41A2-850F-0B819693C41D} = {EFDC4FBD-7268-4A01-9468-88D2FA9C2491}
		{7FC6C0B0-5C3F-4B63-A4FA-535F58D2F418} = {EFDC4FBD-7268-4A01-9468-88D2FA9C2491}
		{D34C67F8-9761-4550-8F32-47E205BFC9A1} = {268E6D34-DF45-45CC-888D-6167E29C1587}
		{ADE7E10B-66D5-4C2E-B02C-0F5520BF96C1} = {268E6D34-DF45-45CC-888D-6167E29C1587}
		{E3D2B888-8E6D-4FE2-85BD-3A1B7F209491} = {268E6D34-DF45-45CC-888D-6167E29C1587}
	EndGlobalSection
	GlobalSection(ExtensibilityGlobals) = postSolution
		SolutionGuid = {730D0CB3-EB4D-4F0E-813F-FBF3CFDA23EA}
	EndGlobalSection
EndGlobal
